<?xml version="1.0" encoding="utf-8"?>
<Project ToolsVersion="4.0" xmlns="http://schemas.microsoft.com/developer/msbuild/2003">
  <ItemGroup>
    <ClCompile Include="src\EndWidget.cpp" />
    <ClCompile Include="src\ButtonClickSound.cpp" />
    <ClCompile Include="src\GameController.cpp" />
    <ClCompile Include="src\Hold.cpp" />
    <ClCompile Include="src\MenuWidget.cpp" />
    <ClCompile Include="src\Note.cpp" />
    <ClCompile Include="src\PauseWidget.cpp" />
    <ClCompile Include="src\PlayWidget.cpp" />
    <ClCompile Include="src\SettingsWidget.cpp" />
    <ClCompile Include="src\StartWidget.cpp" />
    <ClCompile Include="src\Tap.cpp" />
    <ClCompile Include="src\confirmDialog.cpp" />
    <ClCompile Include="src\main.cpp" />
  </ItemGroup>
  <ItemGroup>
    <CustomBuild Include="debug\moc_predefs.h.cbt" />
    <CustomBuild Include="release\moc_predefs.h.cbt" />
  </ItemGroup>
  <ItemGroup>
    <QtMoc Include="include\EndWidget.h" />
    <QtMoc Include="include\GameController.h" />
    <QtMoc Include="include\Hold.h" />
    <QtMoc Include="include\MenuWidget.h" />
    <QtMoc Include="include\Note.h" />
    <QtMoc Include="include\PauseWidget.h" />
    <QtMoc Include="include\PlayWidget.h" />
    <QtMoc Include="include\SettingsWidget.h" />
    <QtMoc Include="include\StartWidget.h" />
    <QtMoc Include="include\Tap.h" />
    <QtMoc Include="include\confirmDialog.h" />
    <QtMoc Include="include\ButtonClickSound.h" />
  </ItemGroup>
  <ItemGroup>
    <QtUic Include="ui\EndWidget.ui" />
    <QtUic Include="ui\MenuWidget.ui" />
    <QtUic Include="ui\PauseWidget.ui" />
    <QtUic Include="ui\PlayWidget.ui" />
    <QtUic Include="ui\SettingsWidget.ui" />
    <QtUic Include="ui\StartWidget.ui" />
    <QtUic Include="ui\confirmDialog.ui" />
  </ItemGroup>
</Project>